
Microsoft Visual Studio Solution File, Format Version 12.00
# Visual Studio Version 16
VisualStudioVersion = 16.0.31911.196
MinimumVisualStudioVersion = 10.0.40219.1
Project("{FAE04EC0-301F-11D3-BF4B-00C04F79EFBC}") = "BTLLTQL", "BTLLTQL\BTLLTQL.csproj", "{8F0F28A3-E886-4B97-A689-592F3BCA4A3B}"
EndProject
Global
	GlobalSection(SolutionConfigurationPlatforms) = preSolution
		Debug|Any CPU = Debug|Any CPU
		Release|Any CPU = Release|Any CPU
	EndGlobalSection
	GlobalSection(ProjectConfigurationPlatforms) = postSolution
		{8F0F28A3-E886-4B97-A689-592F3BCA4A3B}.Debug|Any CPU.ActiveCfg = Debug|Any CPU
		{8F0F28A3-E886-4B97-A689-592F3BCA4A3B}.Debug|Any CPU.Build.0 = Debug|Any CPU
		{8F0F28A3-E886-4B97-A689-592F3BCA4A3B}.Release|Any CPU.ActiveCfg = Release|Any CPU
		{8F0F28A3-E886-4B97-A689-592F3BCA4A3B}.Release|Any CPU.Build.0 = Release|Any CPU
	EndGlobalSection
	GlobalSection(SolutionProperties) = preSolution
		HideSolutionNode = FALSE
	EndGlobalSection
	GlobalSection(ExtensibilityGlobals) = postSolution
		SolutionGuid = {6BD47542-DAC6-4A1A-9F84-D3BA6A0CD937}
	EndGlobalSection
EndGlobal
